{
  "requires": true,
  "lockfileVersion": 1,
  "dependencies": {
    "datatables.net": {
      "version": "1.10.20",
      "resolved": "https://registry.npmjs.org/datatables.net/-/datatables.net-1.10.20.tgz",
      "integrity": "sha512-4E4S7tTU607N3h0fZPkGmAtr9mwy462u+VJ6gxYZ8MxcRIjZqHy3Dv1GNry7i3zQCktTdWbULVKBbkAJkuHEnQ==",
      "requires": {
        "jquery": ">=1.7"
      }
    },
    "datatables.net-bs4": {
      "version": "1.10.20",
      "resolved": "https://registry.npmjs.org/datatables.net-bs4/-/datatables.net-bs4-1.10.20.tgz",
      "integrity": "sha512-kQmMUMsHMOlAW96ztdoFqjSbLnlGZQ63iIM82kHbmldsfYdzuyhbb4hTx6YNBi481WCO3iPSvI6YodNec46ZAw==",
      "requires": {
        "datatables.net": "1.10.20",
        "jquery": ">=1.7"
      }
    },
    "datatables.net-fixedcolumns": {
      "version": "3.3.0",
      "resolved": "https://registry.npmjs.org/datatables.net-fixedcolumns/-/datatables.net-fixedcolumns-3.3.0.tgz",
      "integrity": "sha512-+/LJKQyOlUb7j9mD8oCDs5pd6egi1zPI65YaXPwKlwYlX+fI4BNkHhGwmxCrCDM2nS6/2tA59OuNkfLNCKlx1Q==",
      "requires": {
        "datatables.net": "^1.10.15",
        "jquery": ">=1.7"
      }
    },
    "datatables.net-fixedcolumns-bs4": {
      "version": "3.3.0",
      "resolved": "https://registry.npmjs.org/datatables.net-fixedcolumns-bs4/-/datatables.net-fixedcolumns-bs4-3.3.0.tgz",
      "integrity": "sha512-X6EVk0Y5pE4yfCM+Igk1nUrBu1ou1abyldWERqs0mc/x95TFPTc0pqy5XEb/bxvzi0oyYNR2Pojq4j48uLK+iQ==",
      "requires": {
        "datatables.net-bs4": "^1.10.15",
        "datatables.net-fixedcolumns": "3.3.0",
        "jquery": ">=1.7"
      }
    },
    "datatables.net-responsive": {
      "version": "2.2.3",
      "resolved": "https://registry.npmjs.org/datatables.net-responsive/-/datatables.net-responsive-2.2.3.tgz",
      "integrity": "sha512-8D6VtZcyuH3FG0Hn5A4LPZQEOX3+HrRFM7HjpmsQc/nQDBbdeBLkJX4Sh/o1nzFTSneuT1Wh/lYZHVPpjcN+Sw==",
      "requires": {
        "datatables.net": "^1.10.15",
        "jquery": ">=1.7"
      }
    },
    "datatables.net-responsive-bs4": {
      "version": "2.2.3",
      "resolved": "https://registry.npmjs.org/datatables.net-responsive-bs4/-/datatables.net-responsive-bs4-2.2.3.tgz",
      "integrity": "sha512-SQaWI0uLuPcaiBBin9zX+MuQfTSIkK1bYxbXqUV6NLkHCVa6PMQK7Rvftj0ywG4R7uOtjbzY8nSVqxEKvQI0Vg==",
      "requires": {
        "datatables.net-bs4": "^1.10.15",
        "datatables.net-responsive": "2.2.3",
        "jquery": ">=1.7"
      }
    },
    "datatables.net-scroller": {
      "version": "2.0.1",
      "resolved": "https://registry.npmjs.org/datatables.net-scroller/-/datatables.net-scroller-2.0.1.tgz",
      "integrity": "sha512-FnbJXT1Zu8FVK+wXcMuEVyFJkLXDi65i+jPCSVH2ZkNSPp+mfeBVtZH41MLGspNouP/IdudKIoCXzPNR/+OhpQ==",
      "requires": {
        "datatables.net": "^1.10.15",
        "jquery": ">=1.7"
      }
    },
    "datatables.net-scroller-bs4": {
      "version": "2.0.1",
      "resolved": "https://registry.npmjs.org/datatables.net-scroller-bs4/-/datatables.net-scroller-bs4-2.0.1.tgz",
      "integrity": "sha512-NMZNU36aAfNYmryZz8j5EsO6mnUxoyx+5j8PxSNfyrNhMVFtFmSCRJrWNfmfYN5zpOe3/XgjbXytaD5LdWHszg==",
      "requires": {
        "datatables.net-bs4": "^1.10.15",
        "datatables.net-scroller": "2.0.1",
        "jquery": ">=1.7"
      }
    },
    "datatables.net-searchpanes": {
      "version": "1.0.1",
      "resolved": "https://registry.npmjs.org/datatables.net-searchpanes/-/datatables.net-searchpanes-1.0.1.tgz",
      "integrity": "sha512-8OU2RUrSA7ZI9pPemYX4V0iMfzwe8KogThX9uawiRjtF+LSSUzZ1mZeE5HQnvAFojTmFryIjC03pxefYiTN0Rg==",
      "requires": {
        "datatables.net": "^1.10.15",
        "jquery": ">=1.7"
      }
    },
    "datatables.net-searchpanes-bs4": {
      "version": "1.0.1",
      "resolved": "https://registry.npmjs.org/datatables.net-searchpanes-bs4/-/datatables.net-searchpanes-bs4-1.0.1.tgz",
      "integrity": "sha512-GaDY2lStEAayif8kg6b8wWVU7u1SPfH0sXnWNAJfWPqt3EXkYoWgh85f+rTZikYbqyZ9A+AtK6Taz3Rvwairlw==",
      "requires": {
        "datatables.net-bs4": "^1.10.15",
        "datatables.net-searchpanes": "1.0.1",
        "jquery": ">=1.7"
      }
    },
    "jquery": {
      "version": "3.4.1",
      "resolved": "https://registry.npmjs.org/jquery/-/jquery-3.4.1.tgz",
      "integrity": "sha512-36+AdBzCL+y6qjw5Tx7HgzeGCzC81MDDgaUP8ld2zhx58HdqXGoBd+tHdrBMiyjGQs0Hxs/MLZTu/eHNJJuWPw=="
    },
    "moment": {
      "version": "2.24.0",
      "resolved": "https://registry.npmjs.org/moment/-/moment-2.24.0.tgz",
      "integrity": "sha512-bV7f+6l2QigeBBZSM/6yTNq4P2fNpSWj/0e7jQcy87A8e7o2nAfP/34/2ky5Vw4B9S446EtIhodAzkFCcR4dQg=="
    }
  }
}
